
Microsoft Visual Studio Solution File, Format Version 12.00
# Visual Studio Version 17
VisualStudioVersion = 17.13.35931.197 d17.13
MinimumVisualStudioVersion = 10.0.40219.1
Project("{FAE04EC0-301F-11D3-BF4B-00C04F79EFBC}") = "WebTEST_003", "WebTEST_003\WebTEST_003.csproj", "{FF3A4817-2FBE-4952-B020-6E3E07A1BDBC}"
EndProject
Global
	GlobalSection(SolutionConfigurationPlatforms) = preSolution
		Debug|Any CPU = Debug|Any CPU
		Release|Any CPU = Release|Any CPU
	EndGlobalSection
	GlobalSection(ProjectConfigurationPlatforms) = postSolution
		{FF3A4817-2FBE-4952-B020-6E3E07A1BDBC}.Debug|Any CPU.ActiveCfg = Debug|Any CPU
		{FF3A4817-2FBE-4952-B020-6E3E07A1BDBC}.Debug|Any CPU.Build.0 = Debug|Any CPU
		{FF3A4817-2FBE-4952-B020-6E3E07A1BDBC}.Release|Any CPU.ActiveCfg = Release|Any CPU
		{FF3A4817-2FBE-4952-B020-6E3E07A1BDBC}.Release|Any CPU.Build.0 = Release|Any CPU
	EndGlobalSection
	GlobalSection(SolutionProperties) = preSolution
		HideSolutionNode = FALSE
	EndGlobalSection
	GlobalSection(ExtensibilityGlobals) = postSolution
		SolutionGuid = {F1B030CB-AB67-4EF4-B519-2FB46BFAE8BD}
	EndGlobalSection
EndGlobal
